// !$*UTF8*$!
{
	archiveVersion = 1;
	classes = {
	};
	objectVersion = 48;
	objects = {

/* Begin PBXBuildFile section */
		E562DDE1204E059C00D9BD56 /* AppDelegate.swift in Sources */ = {isa = PBXBuildFile; fileRef = E562DDE0204E059C00D9BD56 /* AppDelegate.swift */; };
		E562DDE3204E059C00D9BD56 /* ViewController.swift in Sources */ = {isa = PBXBuildFile; fileRef = E562DDE2204E059C00D9BD56 /* ViewController.swift */; };
		E562DDE6204E059C00D9BD56 /* Main.storyboard in Resources */ = {isa = PBXBuildFile; fileRef = E562DDE4204E059C00D9BD56 /* Main.storyboard */; };
		E562DDE8204E059C00D9BD56 /* Assets.xcassets in Resources */ = {isa = PBXBuildFile; fileRef = E562DDE7204E059C00D9BD56 /* Assets.xcassets */; };
		E562DDEB204E059C00D9BD56 /* LaunchScreen.storyboard in Resources */ = {isa = PBXBuildFile; fileRef = E562DDE9204E059C00D9BD56 /* LaunchScreen.storyboard */; };
		E562DDF9204E0EDF00D9BD56 /* QuartzCore.framework in Frameworks */ = {isa = PBXBuildFile; fileRef = E562DDF7204E09CD00D9BD56 /* QuartzCore.framework */; };
		E57C06BF204FBBC200F8BB15 /* Wheel.swift in Sources */ = {isa = PBXBuildFile; fileRef = E57C06BE204FBBC200F8BB15 /* Wheel.swift */; };
		E57C06C1204FC56D00F8BB15 /* WheelProtocol.swift in Sources */ = {isa = PBXBuildFile; fileRef = E57C06C0204FC56D00F8BB15 /* WheelProtocol.swift */; };
		E57C06C3204FF08700F8BB15 /* Knob.swift in Sources */ = {isa = PBXBuildFile; fileRef = E57C06C2204FF08700F8BB15 /* Knob.swift */; };
		E57C06C52050272600F8BB15 /* Sector.swift in Sources */ = {isa = PBXBuildFile; fileRef = E57C06C42050272600F8BB15 /* Sector.swift */; };
/* End PBXBuildFile section */

/* Begin PBXFileReference section */
		E52469D72062CF8700ED3799 /* Info.plist */ = {isa = PBXFileReference; fileEncoding = 4; lastKnownFileType = text.plist.xml; path = Info.plist; sourceTree = "<group>"; };
		E562DDDD204E059C00D9BD56 /* WheelControl.app */ = {isa = PBXFileReference; explicitFileType = wrapper.application; includeInIndex = 0; path = WheelControl.app; sourceTree = BUILT_PRODUCTS_DIR; };
		E562DDE0204E059C00D9BD56 /* AppDelegate.swift */ = {isa = PBXFileReference; lastKnownFileType = sourcecode.swift; path = AppDelegate.swift; sourceTree = "<group>"; };
		E562DDE2204E059C00D9BD56 /* ViewController.swift */ = {isa = PBXFileReference; lastKnownFileType = sourcecode.swift; path = ViewController.swift; sourceTree = "<group>"; };
		E562DDE5204E059C00D9BD56 /* Base */ = {isa = PBXFileReference; lastKnownFileType = file.storyboard; name = Base; path = Base.lproj/Main.storyboard; sourceTree = "<group>"; };
		E562DDE7204E059C00D9BD56 /* Assets.xcassets */ = {isa = PBXFileReference; lastKnownFileType = folder.assetcatalog; path = Assets.xcassets; sourceTree = "<group>"; };
		E562DDEA204E059C00D9BD56 /* Base */ = {isa = PBXFileReference; lastKnownFileType = file.storyboard; name = Base; path = Base.lproj/LaunchScreen.storyboard; sourceTree = "<group>"; };
		E562DDF7204E09CD00D9BD56 /* QuartzCore.framework */ = {isa = PBXFileReference; lastKnownFileType = wrapper.framework; name = QuartzCore.framework; path = System/Library/Frameworks/QuartzCore.framework; sourceTree = SDKROOT; };
		E57C06BE204FBBC200F8BB15 /* Wheel.swift */ = {isa = PBXFileReference; lastKnownFileType = sourcecode.swift; path = Wheel.swift; sourceTree = "<group>"; };
		E57C06C0204FC56D00F8BB15 /* WheelProtocol.swift */ = {isa = PBXFileReference; lastKnownFileType = sourcecode.swift; path = WheelProtocol.swift; sourceTree = "<group>"; };
		E57C06C2204FF08700F8BB15 /* Knob.swift */ = {isa = PBXFileReference; lastKnownFileType = sourcecode.swift; path = Knob.swift; sourceTree = "<group>"; };
		E57C06C42050272600F8BB15 /* Sector.swift */ = {isa = PBXFileReference; lastKnownFileType = sourcecode.swift; path = Sector.swift; sourceTree = "<group>"; };
/* End PBXFileReference section */

/* Begin PBXFrameworksBuildPhase section */
		E562DDDA204E059C00D9BD56 /* Frameworks */ = {
			isa = PBXFrameworksBuildPhase;
			buildActionMask = 2147483647;
			files = (
				E562DDF9204E0EDF00D9BD56 /* QuartzCore.framework in Frameworks */,
			);
			runOnlyForDeploymentPostprocessing = 0;
		};
/* End PBXFrameworksBuildPhase section */

/* Begin PBXGroup section */
		E562DDD4204E059C00D9BD56 = {
			isa = PBXGroup;
			children = (
				E562DDDF204E059C00D9BD56 /* WheelControl */,
				E562DDE7204E059C00D9BD56 /* Assets.xcassets */,
				E52469D72062CF8700ED3799 /* Info.plist */,
				E562DDDE204E059C00D9BD56 /* Products */,
				E562DDF6204E09CD00D9BD56 /* Frameworks */,
			);
			sourceTree = "<group>";
		};
		E562DDDE204E059C00D9BD56 /* Products */ = {
			isa = PBXGroup;
			children = (
				E562DDDD204E059C00D9BD56 /* WheelControl.app */,
			);
			name = Products;
			sourceTree = "<group>";
		};
		E562DDDF204E059C00D9BD56 /* WheelControl */ = {
			isa = PBXGroup;
			children = (
				E56C7A8520511DA00031F951 /* Views */,
				E56C7A8420511D680031F951 /* Supported Files */,
				E56C7A8320511D4D0031F951 /* ViewController */,
				E56C7A8220511D340031F951 /* Sector Class */,
				E56C7A8120511D190031F951 /* Wheel Protocol */,
				E56C7A8020511CF50031F951 /* Wheel With UIControl */,
				E56C7A7F20511CCF0031F951 /* Wheel With UIView */,
			);
			path = WheelControl;
			sourceTree = "<group>";
		};
		E562DDF6204E09CD00D9BD56 /* Frameworks */ = {
			isa = PBXGroup;
			children = (
				E562DDF7204E09CD00D9BD56 /* QuartzCore.framework */,
			);
			name = Frameworks;
			sourceTree = "<group>";
		};
		E56C7A7F20511CCF0031F951 /* Wheel With UIView */ = {
			isa = PBXGroup;
			children = (
				E57C06BE204FBBC200F8BB15 /* Wheel.swift */,
			);
			path = "Wheel With UIView";
			sourceTree = "<group>";
		};
		E56C7A8020511CF50031F951 /* Wheel With UIControl */ = {
			isa = PBXGroup;
			children = (
				E57C06C2204FF08700F8BB15 /* Knob.swift */,
			);
			path = "Wheel With UIControl";
			sourceTree = "<group>";
		};
		E56C7A8120511D190031F951 /* Wheel Protocol */ = {
			isa = PBXGroup;
			children = (
				E57C06C0204FC56D00F8BB15 /* WheelProtocol.swift */,
			);
			path = "Wheel Protocol";
			sourceTree = "<group>";
		};
		E56C7A8220511D340031F951 /* Sector Class */ = {
			isa = PBXGroup;
			children = (
				E57C06C42050272600F8BB15 /* Sector.swift */,
			);
			path = "Sector Class";
			sourceTree = "<group>";
		};
		E56C7A8320511D4D0031F951 /* ViewController */ = {
			isa = PBXGroup;
			children = (
				E562DDE2204E059C00D9BD56 /* ViewController.swift */,
			);
			path = ViewController;
			sourceTree = "<group>";
		};
		E56C7A8420511D680031F951 /* Supported Files */ = {
			isa = PBXGroup;
			children = (
				E562DDE0204E059C00D9BD56 /* AppDelegate.swift */,
			);
			path = "Supported Files";
			sourceTree = "<group>";
		};
		E56C7A8520511DA00031F951 /* Views */ = {
			isa = PBXGroup;
			children = (
				E562DDE4204E059C00D9BD56 /* Main.storyboard */,
				E562DDE9204E059C00D9BD56 /* LaunchScreen.storyboard */,
			);
			path = Views;
			sourceTree = "<group>";
		};
/* End PBXGroup section */

/* Begin PBXNativeTarget section */
		E562DDDC204E059C00D9BD56 /* WheelControl */ = {
			isa = PBXNativeTarget;
			buildConfigurationList = E562DDEF204E059C00D9BD56 /* Build configuration list for PBXNativeTarget "WheelControl" */;
			buildPhases = (
				E562DDD9204E059C00D9BD56 /* Sources */,
				E562DDDA204E059C00D9BD56 /* Frameworks */,
				E562DDDB204E059C00D9BD56 /* Resources */,
			);
			buildRules = (
			);
			dependencies = (
			);
			name = WheelControl;
			productName = WheelControl;
			productReference = E562DDDD204E059C00D9BD56 /* WheelControl.app */;
			productType = "com.apple.product-type.application";
		};
/* End PBXNativeTarget section */

/* Begin PBXProject section */
		E562DDD5204E059C00D9BD56 /* Project object */ = {
			isa = PBXProject;
			attributes = {
				LastSwiftUpdateCheck = 0920;
				LastUpgradeCheck = 1240;
				ORGANIZATIONNAME = "Imrul Kayes";
				TargetAttributes = {
					E562DDDC204E059C00D9BD56 = {
						CreatedOnToolsVersion = 9.2;
						LastSwiftMigration = 1020;
						ProvisioningStyle = Automatic;
					};
				};
			};
			buildConfigurationList = E562DDD8204E059C00D9BD56 /* Build configuration list for PBXProject "WheelControl" */;
			compatibilityVersion = "Xcode 8.0";
			developmentRegion = en;
			hasScannedForEncodings = 0;
			knownRegions = (
				en,
				Base,
			);
			mainGroup = E562DDD4204E059C00D9BD56;
			productRefGroup = E562DDDE204E059C00D9BD56 /* Products */;
			projectDirPath = "";
			projectRoot = "";
			targets = (
				E562DDDC204E059C00D9BD56 /* WheelControl */,
			);
		};
/* End PBXProject section */

/* Begin PBXResourcesBuildPhase section */
		E562DDDB204E059C00D9BD56 /* Resources */ = {
			isa = PBXResourcesBuildPhase;
			buildActionMask = 2147483647;
			files = (
				E562DDEB204E059C00D9BD56 /* LaunchScreen.storyboard in Resources */,
				E562DDE8204E059C00D9BD56 /* Assets.xcassets in Resources */,
				E562DDE6204E059C00D9BD56 /* Main.storyboard in Resources */,
			);
			runOnlyForDeploymentPostprocessing = 0;
		};
/* End PBXResourcesBuildPhase section */

/* Begin PBXSourcesBuildPhase section */
		E562DDD9204E059C00D9BD56 /* Sources */ = {
			isa = PBXSourcesBuildPhase;
			buildActionMask = 2147483647;
			files = (
				E57C06BF204FBBC200F8BB15 /* Wheel.swift in Sources */,
				E57C06C1204FC56D00F8BB15 /* WheelProtocol.swift in Sources */,
				E57C06C3204FF08700F8BB15 /* Knob.swift in Sources */,
				E562DDE3204E059C00D9BD56 /* ViewController.swift in Sources */,
				E562DDE1204E059C00D9BD56 /* AppDelegate.swift in Sources */,
				E57C06C52050272600F8BB15 /* Sector.swift in Sources */,
			);
			runOnlyForDeploymentPostprocessing = 0;
		};
/* End PBXSourcesBuildPhase section */

/* Begin PBXVariantGroup section */
		E562DDE4204E059C00D9BD56 /* Main.storyboard */ = {
			isa = PBXVariantGroup;
			children = (
				E562DDE5204E059C00D9BD56 /* Base */,
			);
			name = Main.storyboard;
			sourceTree = "<group>";
		};
		E562DDE9204E059C00D9BD56 /* LaunchScreen.storyboard */ = {
			isa = PBXVariantGroup;
			children = (
				E562DDEA204E059C00D9BD56 /* Base */,
			);
			name = LaunchScreen.storyboard;
			sourceTree = "<group>";
		};
/* End PBXVariantGroup section */

/* Begin XCBuildConfiguration section */
		E562DDED204E059C00D9BD56 /* Debug */ = {
			isa = XCBuildConfiguration;
			buildSettings = {
				ALWAYS_SEARCH_USER_PATHS = NO;
				CLANG_ANALYZER_NONNULL = YES;
				CLANG_ANALYZER_NUMBER_OBJECT_CONVERSION = YES_AGGRESSIVE;
				CLANG_CXX_LANGUAGE_STANDARD = "gnu++14";
				CLANG_CXX_LIBRARY = "libc++";
				CLANG_ENABLE_MODULES = YES;
				CLANG_ENABLE_OBJC_ARC = YES;
				CLANG_WARN_BLOCK_CAPTURE_AUTORELEASING = YES;
				CLANG_WARN_BOOL_CONVERSION = YES;
				CLANG_WARN_COMMA = YES;
				CLANG_WARN_CONSTANT_CONVERSION = YES;
				CLANG_WARN_DEPRECATED_OBJC_IMPLEMENTATIONS = YES;
				CLANG_WARN_DIRECT_OBJC_ISA_USAGE = YES_ERROR;
				CLANG_WARN_DOCUMENTATION_COMMENTS = YES;
				CLANG_WARN_EMPTY_BODY = YES;
				CLANG_WARN_ENUM_CONVERSION = YES;
				CLANG_WARN_INFINITE_RECURSION = YES;
				CLANG_WARN_INT_CONVERSION = YES;
				CLANG_WARN_NON_LITERAL_NULL_CONVERSION = YES;
				CLANG_WARN_OBJC_IMPLICIT_RETAIN_SELF = YES;
				CLANG_WARN_OBJC_LITERAL_CONVERSION = YES;
				CLANG_WARN_OBJC_ROOT_CLASS = YES_ERROR;
				CLANG_WARN_QUOTED_INCLUDE_IN_FRAMEWORK_HEADER = YES;
				CLANG_WARN_RANGE_LOOP_ANALYSIS = YES;
				CLANG_WARN_STRICT_PROTOTYPES = YES;
				CLANG_WARN_SUSPICIOUS_MOVE = YES;
				CLANG_WARN_UNGUARDED_AVAILABILITY = YES_AGGRESSIVE;
				CLANG_WARN_UNREACHABLE_CODE = YES;
				CLANG_WARN__DUPLICATE_METHOD_MATCH = YES;
				CODE_SIGN_IDENTITY = "iPhone Developer";
				COPY_PHASE_STRIP = NO;
				DEBUG_INFORMATION_FORMAT = dwarf;
				ENABLE_STRICT_OBJC_MSGSEND = YES;
				ENABLE_TESTABILITY = YES;
				GCC_C_LANGUAGE_STANDARD = gnu11;
				GCC_DYNAMIC_NO_PIC = NO;
				GCC_NO_COMMON_BLOCKS = YES;
				GCC_OPTIMIZATION_LEVEL = 0;
				GCC_PREPROCESSOR_DEFINITIONS = (
					"DEBUG=1",
					"$(inherited)",
				);
				GCC_WARN_64_TO_32_BIT_CONVERSION = YES;
				GCC_WARN_ABOUT_RETURN_TYPE = YES_ERROR;
				GCC_WARN_UNDECLARED_SELECTOR = YES;
				GCC_WARN_UNINITIALIZED_AUTOS = YES_AGGRESSIVE;
				GCC_WARN_UNUSED_FUNCTION = YES;
				GCC_WARN_UNUSED_VARIABLE = YES;
				IPHONEOS_DEPLOYMENT_TARGET = 12.0;
				MTL_ENABLE_DEBUG_INFO = YES;
				ONLY_ACTIVE_ARCH = YES;
				SDKROOT = iphoneos;
				SWIFT_ACTIVE_COMPILATION_CONDITIONS = DEBUG;
				SWIFT_OPTIMIZATION_LEVEL = "-Onone";
				SWIFT_VERSION = 5.0;
			};
			name = Debug;
		};
		E562DDEE204E059C00D9BD56 /* Release */ = {
			isa = XCBuildConfiguration;
			buildSettings = {
				ALWAYS_SEARCH_USER_PATHS = NO;
				CLANG_ANALYZER_NONNULL = YES;
				CLANG_ANALYZER_NUMBER_OBJECT_CONVERSION = YES_AGGRESSIVE;
				CLANG_CXX_LANGUAGE_STANDARD = "gnu++14";
				CLANG_CXX_LIBRARY = "libc++";
				CLANG_ENABLE_MODULES = YES;
				CLANG_ENABLE_OBJC_ARC = YES;
				CLANG_WARN_BLOCK_CAPTURE_AUTORELEASING = YES;
				CLANG_WARN_BOOL_CONVERSION = YES;
				CLANG_WARN_COMMA = YES;
				CLANG_WARN_CONSTANT_CONVERSION = YES;
				CLANG_WARN_DEPRECATED_OBJC_IMPLEMENTATIONS = YES;
				CLANG_WARN_DIRECT_OBJC_ISA_USAGE = YES_ERROR;
				CLANG_WARN_DOCUMENTATION_COMMENTS = YES;
				CLANG_WARN_EMPTY_BODY = YES;
				CLANG_WARN_ENUM_CONVERSION = YES;
				CLANG_WARN_INFINITE_RECURSION = YES;
				CLANG_WARN_INT_CONVERSION = YES;
				CLANG_WARN_NON_LITERAL_NULL_CONVERSION = YES;
				CLANG_WARN_OBJC_IMPLICIT_RETAIN_SELF = YES;
				CLANG_WARN_OBJC_LITERAL_CONVERSION = YES;
				CLANG_WARN_OBJC_ROOT_CLASS = YES_ERROR;
				CLANG_WARN_QUOTED_INCLUDE_IN_FRAMEWORK_HEADER = YES;
				CLANG_WARN_RANGE_LOOP_ANALYSIS = YES;
				CLANG_WARN_STRICT_PROTOTYPES = YES;
				CLANG_WARN_SUSPICIOUS_MOVE = YES;
				CLANG_WARN_UNGUARDED_AVAILABILITY = YES_AGGRESSIVE;
				CLANG_WARN_UNREACHABLE_CODE = YES;
				CLANG_WARN__DUPLICATE_METHOD_MATCH = YES;
				CODE_SIGN_IDENTITY = "iPhone Developer";
				COPY_PHASE_STRIP = NO;
				DEBUG_INFORMATION_FORMAT = "dwarf-with-dsym";
				ENABLE_NS_ASSERTIONS = NO;
				ENABLE_STRICT_OBJC_MSGSEND = YES;
				GCC_C_LANGUAGE_STANDARD = gnu11;
				GCC_NO_COMMON_BLOCKS = YES;
				GCC_WARN_64_TO_32_BIT_CONVERSION = YES;
				GCC_WARN_ABOUT_RETURN_TYPE = YES_ERROR;
				GCC_WARN_UNDECLARED_SELECTOR = YES;
				GCC_WARN_UNINITIALIZED_AUTOS = YES_AGGRESSIVE;
				GCC_WARN_UNUSED_FUNCTION = YES;
				GCC_WARN_UNUSED_VARIABLE = YES;
				IPHONEOS_DEPLOYMENT_TARGET = 12.0;
				MTL_ENABLE_DEBUG_INFO = NO;
				SDKROOT = iphoneos;
				SWIFT_OPTIMIZATION_LEVEL = "-Owholemodule";
				SWIFT_VERSION = 5.0;
				VALIDATE_PRODUCT = YES;
			};
			name = Release;
		};
		E562DDF0204E059C00D9BD56 /* Debug */ = {
			isa = XCBuildConfiguration;
			buildSettings = {
				ASSETCATALOG_COMPILER_APPICON_NAME = AppIcon;
				CODE_SIGN_STYLE = Automatic;
				DEVELOPMENT_TEAM = N29E7P5W3H;
				INFOPLIST_FILE = "$(SRCROOT)/Info.plist";
				IPHONEOS_DEPLOYMENT_TARGET = 12.0;
				LD_RUNPATH_SEARCH_PATHS = "$(inherited) @executable_path/Frameworks";
				PRODUCT_BUNDLE_IDENTIFIER = com.binary5.WheelControl;
				PRODUCT_NAME = "$(TARGET_NAME)";
				SWIFT_VERSION = 5.0;
				TARGETED_DEVICE_FAMILY = "1,2";
			};
			name = Debug;
		};
		E562DDF1204E059C00D9BD56 /* Release */ = {
			isa = XCBuildConfiguration;
			buildSettings = {
				ASSETCATALOG_COMPILER_APPICON_NAME = AppIcon;
				CODE_SIGN_STYLE = Automatic;
				DEVELOPMENT_TEAM = N29E7P5W3H;
				INFOPLIST_FILE = "$(SRCROOT)/Info.plist";
				IPHONEOS_DEPLOYMENT_TARGET = 12.0;
				LD_RUNPATH_SEARCH_PATHS = "$(inherited) @executable_path/Frameworks";
				PRODUCT_BUNDLE_IDENTIFIER = com.binary5.WheelControl;
				PRODUCT_NAME = "$(TARGET_NAME)";
				SWIFT_VERSION = 5.0;
				TARGETED_DEVICE_FAMILY = "1,2";
			};
			name = Release;
		};
/* End XCBuildConfiguration section */

/* Begin XCConfigurationList section */
		E562DDD8204E059C00D9BD56 /* Build configuration list for PBXProject "WheelControl" */ = {
			isa = XCConfigurationList;
			buildConfigurations = (
				E562DDED204E059C00D9BD56 /* Debug */,
				E562DDEE204E059C00D9BD56 /* Release */,
			);
			defaultConfigurationIsVisible = 0;
			defaultConfigurationName = Release;
		};
		E562DDEF204E059C00D9BD56 /* Build configuration list for PBXNativeTarget "WheelControl" */ = {
			isa = XCConfigurationList;
			buildConfigurations = (
				E562DDF0204E059C00D9BD56 /* Debug */,
				E562DDF1204E059C00D9BD56 /* Release */,
			);
			defaultConfigurationIsVisible = 0;
			defaultConfigurationName = Release;
		};
/* End XCConfigurationList section */
	};
	rootObject = E562DDD5204E059C00D9BD56 /* Project object */;
}
